version = 1
revision = 3
requires-python = "==3.10.*"

[[package]]
name = "apscheduler"
version = "3.6.3"
source = { registry = "https://pypi.org/simple" }
dependencies = [
    { name = "pytz" },
    { name = "setuptools" },
    { name = "six" },
    { name = "tzlocal" },
]
sdist = { url = "https://files.pythonhosted.org/packages/89/3d/f65972547c5aa533276ada2bea3c2ef51bb4c4de55b67a66129c111b89ad/APScheduler-3.6.3.tar.gz", hash = "sha256:3bb5229eed6fbbdafc13ce962712ae66e175aa214c69bed35a06bffcf0c5e244", size = 96309, upload-time = "2019-11-05T07:51:50.394Z" }
wheels = [
    { url = "https://files.pythonhosted.org/packages/f3/34/9ef20ed473c4fd2c3df54ef77a27ae3fc7500b16b192add4720cab8b2c09/APScheduler-3.6.3-py2.py3-none-any.whl", hash = "sha256:e8b1ecdb4c7cb2818913f766d5898183c7cb8936680710a4d3a966e02262e526", size = 58881, upload-time = "2019-11-05T07:51:48.621Z" },
]

[[package]]
name = "cachetools"
version = "4.2.2"
source = { registry = "https://pypi.org/simple" }
sdist = { url = "https://files.pythonhosted.org/packages/52/ba/619250fa6bc11ce6aa4de0604d45843090a53cd7d10d7253b89669313370/cachetools-4.2.2.tar.gz", hash = "sha256:61b5ed1e22a0924aed1d23b478f37e8d52549ff8a961de2909c69bf950020cff", size = 23682, upload-time = "2021-04-27T21:19:57.252Z" }
wheels = [
    { url = "https://files.pythonhosted.org/packages/bf/28/c4f5796c67ad06bb91d98d543a5e01805c1ff065e08871f78e52d2a331ad/cachetools-4.2.2-py3-none-any.whl", hash = "sha256:2cc0b89715337ab6dbba85b5b50effe2b0c74e035d83ee8ed637cf52f12ae001", size = 11998, upload-time = "2021-04-27T21:19:55.559Z" },
]

[[package]]
name = "certifi"
version = "2021.10.8"
source = { registry = "https://pypi.org/simple" }
sdist = { url = "https://files.pythonhosted.org/packages/6c/ae/d26450834f0acc9e3d1f74508da6df1551ceab6c2ce0766a593362d6d57f/certifi-2021.10.8.tar.gz", hash = "sha256:78884e7c1d4b00ce3cea67b44566851c4343c120abd683433ce934a68ea58872", size = 151214, upload-time = "2021-10-08T19:32:15.277Z" }
wheels = [
    { url = "https://files.pythonhosted.org/packages/37/45/946c02767aabb873146011e665728b680884cd8fe70dde973c640e45b775/certifi-2021.10.8-py2.py3-none-any.whl", hash = "sha256:d62a0163eb4c2344ac042ab2bdf75399a71a2d8c7d47eac2e2ee91b9d6339569", size = 149195, upload-time = "2021-10-08T19:32:10.712Z" },
]

[[package]]
name = "charset-normalizer"
version = "2.0.8"
source = { registry = "https://pypi.org/simple" }
sdist = { url = "https://files.pythonhosted.org/packages/2f/39/5d8ff929409113e9ff402e405a7c7880ab1fa6f118a4ab72443976a01711/charset-normalizer-2.0.8.tar.gz", hash = "sha256:735e240d9a8506778cd7a453d97e817e536bb1fc29f4f6961ce297b9c7a917b0", size = 75598, upload-time = "2021-11-24T19:46:03.09Z" }
wheels = [
    { url = "https://files.pythonhosted.org/packages/c8/27/141554fc0f42c05dd318fbb0be0e3e018da686544a3ff452762e49ccac58/charset_normalizer-2.0.8-py3-none-any.whl", hash = "sha256:83fcdeb225499d6344c8f7f34684c2981270beacc32ede2e669e94f7fa544405", size = 39193, upload-time = "2021-11-24T19:46:01.258Z" },
]

[[package]]
name = "dpath"
version = "2.0.5"
source = { registry = "https://pypi.org/simple" }
sdist = { url = "https://files.pythonhosted.org/packages/d0/d2/219bd67dc31eeb14be02bea9a23d0b16a0236f45504c6963f675c80a8d8c/dpath-2.0.5.tar.gz", hash = "sha256:ef74321b01479653c812fee69c53922364614d266a8e804d22058c5c02e5674e", size = 22052, upload-time = "2021-09-12T17:12:55.024Z" }
wheels = [
    { url = "https://files.pythonhosted.org/packages/03/97/8f2356672a02753a4e8f77c4d4b23afcf54c2220eb80ee0438a7ebea3280/dpath-2.0.5-py3-none-any.whl", hash = "sha256:e7813fd8a9dd0d4c7cd4014533ce955eff712bcb2e8189be79bb893890a9db01", size = 15141, upload-time = "2021-09-12T17:12:53.445Z" },
]

[[package]]
name = "idna"
version = "3.3"
source = { registry = "https://pypi.org/simple" }
sdist = { url = "https://files.pythonhosted.org/packages/62/08/e3fc7c8161090f742f504f40b1bccbfc544d4a4e09eb774bf40aafce5436/idna-3.3.tar.gz", hash = "sha256:9d643ff0a55b762d5cdb124b8eaa99c66322e2157b69160bc32796e824360e6d", size = 286689, upload-time = "2021-10-12T23:33:41.312Z" }
wheels = [
    { url = "https://files.pythonhosted.org/packages/04/a2/d918dcd22354d8958fe113e1a3630137e0fc8b44859ade3063982eacd2a4/idna-3.3-py3-none-any.whl", hash = "sha256:84d9dd047ffa80596e0f246e2eab0b391788b0503584e8945f2368256d2735ff", size = 61160, upload-time = "2021-10-12T23:33:38.02Z" },
]

[[package]]
name = "python-telegram-bot"
version = "13.11"
source = { registry = "https://pypi.org/simple" }
dependencies = [
    { name = "apscheduler" },
    { name = "cachetools" },
    { name = "certifi" },
    { name = "pytz" },
    { name = "tornado" },
]
sdist = { url = "https://files.pythonhosted.org/packages/28/be/b90ccd3bdf9dcdf32b9c8cdea1b97de690de70703245605301c1539cab66/python-telegram-bot-13.11.tar.gz", hash = "sha256:baeff704baa2ac3dc17a944c02da888228ad258e89be2e5bcbd13a8a5102d573", size = 343041, upload-time = "2022-02-02T20:19:10.419Z" }
wheels = [
    { url = "https://files.pythonhosted.org/packages/8f/a5/a18d45dc9bfafa26916dde9b067e031641fd541907950351fedad297ab46/python_telegram_bot-13.11-py3-none-any.whl", hash = "sha256:534f5bb0ff4ca34c9252e97e0b3bcdab81d97be0eb4821682a361cb426c00e55", size = 497981, upload-time = "2022-02-02T20:19:04.641Z" },
]

[[package]]
name = "pytz"
version = "2021.3"
source = { registry = "https://pypi.org/simple" }
sdist = { url = "https://files.pythonhosted.org/packages/e3/8e/1cde9d002f48a940b9d9d38820aaf444b229450c0854bdf15305ce4a3d1a/pytz-2021.3.tar.gz", hash = "sha256:acad2d8b20a1af07d4e4c9d2e9285c5ed9104354062f275f3fcd88dcef4f1326", size = 320512, upload-time = "2021-10-02T03:56:32.818Z" }
wheels = [
    { url = "https://files.pythonhosted.org/packages/d3/e3/d9f046b5d1c94a3aeab15f1f867aa414f8ee9d196fae6865f1d6a0ee1a0b/pytz-2021.3-py2.py3-none-any.whl", hash = "sha256:3672058bc3453457b622aab7a1c3bfd5ab0bdae451512f6cf25f64ed37f5b87c", size = 503471, upload-time = "2021-10-02T03:56:30.247Z" },
]

[[package]]
name = "pytz-deprecation-shim"
version = "0.1.0.post0"
source = { registry = "https://pypi.org/simple" }
dependencies = [
    { name = "tzdata" },
]
sdist = { url = "https://files.pythonhosted.org/packages/94/f0/909f94fea74759654390a3e1a9e4e185b6cd9aa810e533e3586f39da3097/pytz_deprecation_shim-0.1.0.post0.tar.gz", hash = "sha256:af097bae1b616dde5c5744441e2ddc69e74dfdcb0c263129610d85b87445a59d", size = 60190, upload-time = "2020-06-17T16:16:30.062Z" }
wheels = [
    { url = "https://files.pythonhosted.org/packages/eb/73/3eaab547ca809754e67e06871cff0fc962bafd4b604e15f31896a0f94431/pytz_deprecation_shim-0.1.0.post0-py2.py3-none-any.whl", hash = "sha256:8314c9692a636c8eb3bda879b9f119e350e93223ae83e70e80c31675a0fdc1a6", size = 15734, upload-time = "2020-06-17T16:16:28.849Z" },
]

[[package]]
name = "requests"
version = "2.26.0"
source = { registry = "https://pypi.org/simple" }
dependencies = [
    { name = "certifi" },
    { name = "charset-normalizer" },
    { name = "idna" },
    { name = "urllib3" },
]
sdist = { url = "https://files.pythonhosted.org/packages/e7/01/3569e0b535fb2e4a6c384bdbed00c55b9d78b5084e0fb7f4d0bf523d7670/requests-2.26.0.tar.gz", hash = "sha256:b8aa58f8cf793ffd8782d3d8cb19e66ef36f7aba4353eec859e74678b01b07a7", size = 104433, upload-time = "2021-07-13T14:55:08.972Z" }
wheels = [
    { url = "https://files.pythonhosted.org/packages/92/96/144f70b972a9c0eabbd4391ef93ccd49d0f2747f4f6a2a2738e99e5adc65/requests-2.26.0-py2.py3-none-any.whl", hash = "sha256:6c1246513ecd5ecd4528a0906f910e8f0f9c6b8ec72030dc9fd154dc1a6efd24", size = 62251, upload-time = "2021-07-13T14:55:06.933Z" },
]

[[package]]
name = "setuptools"
version = "69.5.1"
source = { registry = "https://pypi.org/simple" }
sdist = { url = "https://files.pythonhosted.org/packages/d6/4f/b10f707e14ef7de524fe1f8988a294fb262a29c9b5b12275c7e188864aed/setuptools-69.5.1.tar.gz", hash = "sha256:6c1fccdac05a97e598fb0ae3bbed5904ccb317337a51139dcd51453611bbb987", size = 2291314, upload-time = "2024-04-13T21:06:28.589Z" }
wheels = [
    { url = "https://files.pythonhosted.org/packages/f7/29/13965af254e3373bceae8fb9a0e6ea0d0e571171b80d6646932131d6439b/setuptools-69.5.1-py3-none-any.whl", hash = "sha256:c636ac361bc47580504644275c9ad802c50415c7522212252c033bd15f301f32", size = 894566, upload-time = "2024-04-13T21:06:23.256Z" },
]

[[package]]
name = "six"
version = "1.16.0"
source = { registry = "https://pypi.org/simple" }
sdist = { url = "https://files.pythonhosted.org/packages/71/39/171f1c67cd00715f190ba0b100d606d440a28c93c7714febeca8b79af85e/six-1.16.0.tar.gz", hash = "sha256:1e61c37477a1626458e36f7b1d82aa5c9b094fa4802892072e49de9c60c4c926", size = 34041, upload-time = "2021-05-05T14:18:18.379Z" }
wheels = [
    { url = "https://files.pythonhosted.org/packages/d9/5a/e7c31adbe875f2abbb91bd84cf2dc52d792b5a01506781dbcf25c91daf11/six-1.16.0-py2.py3-none-any.whl", hash = "sha256:8abb2f1d86890a2dfb989f9a77cfcfd3e47c2a354b01111771326f8aa26e0254", size = 11053, upload-time = "2021-05-05T14:18:17.237Z" },
]

[[package]]
name = "tornado"
version = "6.1"
source = { registry = "https://pypi.org/simple" }
sdist = { url = "https://files.pythonhosted.org/packages/cf/44/cc9590db23758ee7906d40cacff06c02a21c2a6166602e095a56cbf2f6f6/tornado-6.1.tar.gz", hash = "sha256:33c6e81d7bd55b468d2e793517c909b139960b6c790a60b7991b9b6b76fb9791", size = 497359, upload-time = "2020-10-30T20:17:51.882Z" }

[[package]]
name = "total-time-playlist-youtube-telegram-bot"
version = "2026.7.10"
source = { editable = "." }
dependencies = [
    { name = "dpath" },
    { name = "python-telegram-bot" },
    { name = "requests" },
    { name = "setuptools" },
]

[package.metadata]
requires-dist = [
    { name = "dpath", specifier = "==2.0.5" },
    { name = "python-telegram-bot", specifier = "==13.11" },
    { name = "requests", specifier = "==2.26.0" },
    { name = "setuptools", specifier = "<70" },
]

[[package]]
name = "tzdata"
version = "2021.5"
source = { registry = "https://pypi.org/simple" }
sdist = { url = "https://files.pythonhosted.org/packages/9e/04/320468ac0a37db42c313dfcc24160fec94f72f23740147c5018084ea3a8a/tzdata-2021.5.tar.gz", hash = "sha256:68dbe41afd01b867894bbdfd54fa03f468cfa4f0086bfb4adcd8de8f24f3ee21", size = 184386, upload-time = "2021-10-25T14:33:10.272Z" }
wheels = [
    { url = "https://files.pythonhosted.org/packages/a5/3a/0d12fac5618ff5396095a139b9c77cad79b65ed78c58bf7162cd512f52d5/tzdata-2021.5-py2.py3-none-any.whl", hash = "sha256:3eee491e22ebfe1e5cfcc97a4137cd70f092ce59144d81f8924a844de05ba8f5", size = 339439, upload-time = "2021-10-25T14:33:08.561Z" },
]

[[package]]
name = "tzlocal"
version = "4.1"
source = { registry = "https://pypi.org/simple" }
dependencies = [
    { name = "pytz-deprecation-shim" },
    { name = "tzdata", marker = "sys_platform == 'win32'" },
]
sdist = { url = "https://files.pythonhosted.org/packages/f7/cc/5543aa3e3e0c10f5fa6d0010eead722e0a5cc610f543fc6e816648d73ed7/tzlocal-4.1.tar.gz", hash = "sha256:0f28015ac68a5c067210400a9197fc5d36ba9bc3f8eaf1da3cbd59acdfed9e09", size = 31939, upload-time = "2021-10-29T12:36:39.761Z" }
wheels = [
    { url = "https://files.pythonhosted.org/packages/ac/29/0daef8da885f35b3c8a54ac45378d4829a7f787ec55475b541bed3df6a36/tzlocal-4.1-py3-none-any.whl", hash = "sha256:28ba8d9fcb6c9a782d6e0078b4f6627af1ea26aeaa32b4eab5324abc7df4149f", size = 19763, upload-time = "2021-10-29T12:36:37.932Z" },
]

[[package]]
name = "urllib3"
version = "1.26.7"
source = { registry = "https://pypi.org/simple" }
sdist = { url = "https://files.pythonhosted.org/packages/80/be/3ee43b6c5757cabea19e75b8f46eaf05a2f5144107d7db48c7cf3a864f73/urllib3-1.26.7.tar.gz", hash = "sha256:4987c65554f7a2dbf30c18fd48778ef124af6fab771a377103da0585e2336ece", size = 291350, upload-time = "2021-09-22T18:01:18.331Z" }
wheels = [
    { url = "https://files.pythonhosted.org/packages/af/f4/524415c0744552cce7d8bf3669af78e8a069514405ea4fcbd0cc44733744/urllib3-1.26.7-py2.py3-none-any.whl", hash = "sha256:c4fdf4019605b6e5423637e01bc9fe4daef873709a7973e195ceba0a62bbc844", size = 138764, upload-time = "2021-09-22T18:01:15.93Z" },
]
